
Microsoft Visual Studio Solution File, Format Version 12.00
# Visual Studio Version 16
VisualStudioVersion = 16.0.30523.141
MinimumVisualStudioVersion = 10.0.40219.1
Project("{2150E333-8FDC-42A3-9474-1A3956D46DE8}") = "0 - Presentation", "0 - Presentation", "{547A1F3F-E352-4024-BDEB-1B1CC2402DF3}"
EndProject
Project("{FAE04EC0-301F-11D3-BF4B-00C04F79EFBC}") = "PontoID.Web", "Presentation\PontoID.Web\PontoID.Web.csproj", "{CCBF1C92-61D6-4C09-B353-28714C11C5FD}"
EndProject
Project("{2150E333-8FDC-42A3-9474-1A3956D46DE8}") = "1 - Services", "1 - Services", "{B62B7662-10D7-47A7-9C42-90B24DD00093}"
EndProject
Project("{FAE04EC0-301F-11D3-BF4B-00C04F79EFBC}") = "PontoID.Web.Api", "Services\PontoID.Web.Api\PontoID.Web.Api.csproj", "{5426B9D7-154D-4C98-9D60-05A79100DBDC}"
EndProject
Project("{2150E333-8FDC-42A3-9474-1A3956D46DE8}") = "2 - Application", "2 - Application", "{DB84E8A6-CF46-4FA8-8444-0946E1F3D881}"
EndProject
Project("{2150E333-8FDC-42A3-9474-1A3956D46DE8}") = "3 - Domain", "3 - Domain", "{A4D81E4C-284D-409C-9773-1B7B99E526D0}"
EndProject
Project("{FAE04EC0-301F-11D3-BF4B-00C04F79EFBC}") = "PontoID.Application", "Services\PontoID.Application\PontoID.Application.csproj", "{6D11A11B-742B-4347-BF10-6E55A7210903}"
EndProject
Project("{FAE04EC0-301F-11D3-BF4B-00C04F79EFBC}") = "PontoID.Domain", "Services\PontoID.Domain\PontoID.Domain.csproj", "{C9DDEE97-0780-4BD4-A04D-4C984971FE9C}"
EndProject
Project("{2150E333-8FDC-42A3-9474-1A3956D46DE8}") = "4 - Repository", "4 - Repository", "{1EA7C57C-5245-426E-990A-2971813CA836}"
EndProject
Project("{2150E333-8FDC-42A3-9474-1A3956D46DE8}") = "4.1 - Data", "4.1 - Data", "{9EB9F119-CB38-4936-A896-2C9BCB556C64}"
EndProject
Project("{2150E333-8FDC-42A3-9474-1A3956D46DE8}") = "4.2 - CrossCutting", "4.2 - CrossCutting", "{1EFDF2E4-9085-4141-85E9-FA2FACF39AD6}"
EndProject
Project("{FAE04EC0-301F-11D3-BF4B-00C04F79EFBC}") = "PontoID.Infra.Data.Repository", "Services\PontoID.Infra.Data.Repository\PontoID.Infra.Data.Repository.csproj", "{0745C3A5-6072-47E3-9628-85ED748AE0B7}"
EndProject
Project("{FAE04EC0-301F-11D3-BF4B-00C04F79EFBC}") = "PontoID.Data.Repository.Read", "Services\PontoID.Data.Repository.Read\PontoID.Data.Repository.Read.csproj", "{6D5450A1-C0DF-4A9D-887C-A7B31650F45F}"
EndProject
Project("{FAE04EC0-301F-11D3-BF4B-00C04F79EFBC}") = "PontoID.Infra.Croscutting.Ioc", "Services\PontoID.Infra.Croscutting.Ioc\PontoID.Infra.Croscutting.Ioc.csproj", "{ADDFABEB-6C91-4CC8-8312-CE45A3DDBA80}"
EndProject
Global
	GlobalSection(SolutionConfigurationPlatforms) = preSolution
		Debug|Any CPU = Debug|Any CPU
		Release|Any CPU = Release|Any CPU
	EndGlobalSection
	GlobalSection(ProjectConfigurationPlatforms) = postSolution
		{CCBF1C92-61D6-4C09-B353-28714C11C5FD}.Debug|Any CPU.ActiveCfg = Debug|Any CPU
		{CCBF1C92-61D6-4C09-B353-28714C11C5FD}.Debug|Any CPU.Build.0 = Debug|Any CPU
		{CCBF1C92-61D6-4C09-B353-28714C11C5FD}.Release|Any CPU.ActiveCfg = Release|Any CPU
		{CCBF1C92-61D6-4C09-B353-28714C11C5FD}.Release|Any CPU.Build.0 = Release|Any CPU
		{5426B9D7-154D-4C98-9D60-05A79100DBDC}.Debug|Any CPU.ActiveCfg = Debug|Any CPU
		{5426B9D7-154D-4C98-9D60-05A79100DBDC}.Debug|Any CPU.Build.0 = Debug|Any CPU
		{5426B9D7-154D-4C98-9D60-05A79100DBDC}.Release|Any CPU.ActiveCfg = Release|Any CPU
		{5426B9D7-154D-4C98-9D60-05A79100DBDC}.Release|Any CPU.Build.0 = Release|Any CPU
		{6D11A11B-742B-4347-BF10-6E55A7210903}.Debug|Any CPU.ActiveCfg = Debug|Any CPU
		{6D11A11B-742B-4347-BF10-6E55A7210903}.Debug|Any CPU.Build.0 = Debug|Any CPU
		{6D11A11B-742B-4347-BF10-6E55A7210903}.Release|Any CPU.ActiveCfg = Release|Any CPU
		{6D11A11B-742B-4347-BF10-6E55A7210903}.Release|Any CPU.Build.0 = Release|Any CPU
		{C9DDEE97-0780-4BD4-A04D-4C984971FE9C}.Debug|Any CPU.ActiveCfg = Debug|Any CPU
		{C9DDEE97-0780-4BD4-A04D-4C984971FE9C}.Debug|Any CPU.Build.0 = Debug|Any CPU
		{C9DDEE97-0780-4BD4-A04D-4C984971FE9C}.Release|Any CPU.ActiveCfg = Release|Any CPU
		{C9DDEE97-0780-4BD4-A04D-4C984971FE9C}.Release|Any CPU.Build.0 = Release|Any CPU
		{0745C3A5-6072-47E3-9628-85ED748AE0B7}.Debug|Any CPU.ActiveCfg = Debug|Any CPU
		{0745C3A5-6072-47E3-9628-85ED748AE0B7}.Debug|Any CPU.Build.0 = Debug|Any CPU
		{0745C3A5-6072-47E3-9628-85ED748AE0B7}.Release|Any CPU.ActiveCfg = Release|Any CPU
		{0745C3A5-6072-47E3-9628-85ED748AE0B7}.Release|Any CPU.Build.0 = Release|Any CPU
		{6D5450A1-C0DF-4A9D-887C-A7B31650F45F}.Debug|Any CPU.ActiveCfg = Debug|Any CPU
		{6D5450A1-C0DF-4A9D-887C-A7B31650F45F}.Debug|Any CPU.Build.0 = Debug|Any CPU
		{6D5450A1-C0DF-4A9D-887C-A7B31650F45F}.Release|Any CPU.ActiveCfg = Release|Any CPU
		{6D5450A1-C0DF-4A9D-887C-A7B31650F45F}.Release|Any CPU.Build.0 = Release|Any CPU
		{ADDFABEB-6C91-4CC8-8312-CE45A3DDBA80}.Debug|Any CPU.ActiveCfg = Debug|Any CPU
		{ADDFABEB-6C91-4CC8-8312-CE45A3DDBA80}.Debug|Any CPU.Build.0 = Debug|Any CPU
		{ADDFABEB-6C91-4CC8-8312-CE45A3DDBA80}.Release|Any CPU.ActiveCfg = Release|Any CPU
		{ADDFABEB-6C91-4CC8-8312-CE45A3DDBA80}.Release|Any CPU.Build.0 = Release|Any CPU
	EndGlobalSection
	GlobalSection(SolutionProperties) = preSolution
		HideSolutionNode = FALSE
	EndGlobalSection
	GlobalSection(NestedProjects) = preSolution
		{CCBF1C92-61D6-4C09-B353-28714C11C5FD} = {547A1F3F-E352-4024-BDEB-1B1CC2402DF3}
		{5426B9D7-154D-4C98-9D60-05A79100DBDC} = {B62B7662-10D7-47A7-9C42-90B24DD00093}
		{6D11A11B-742B-4347-BF10-6E55A7210903} = {DB84E8A6-CF46-4FA8-8444-0946E1F3D881}
		{C9DDEE97-0780-4BD4-A04D-4C984971FE9C} = {A4D81E4C-284D-409C-9773-1B7B99E526D0}
		{9EB9F119-CB38-4936-A896-2C9BCB556C64} = {1EA7C57C-5245-426E-990A-2971813CA836}
		{1EFDF2E4-9085-4141-85E9-FA2FACF39AD6} = {1EA7C57C-5245-426E-990A-2971813CA836}
		{0745C3A5-6072-47E3-9628-85ED748AE0B7} = {9EB9F119-CB38-4936-A896-2C9BCB556C64}
		{6D5450A1-C0DF-4A9D-887C-A7B31650F45F} = {9EB9F119-CB38-4936-A896-2C9BCB556C64}
		{ADDFABEB-6C91-4CC8-8312-CE45A3DDBA80} = {1EFDF2E4-9085-4141-85E9-FA2FACF39AD6}
	EndGlobalSection
	GlobalSection(ExtensibilityGlobals) = postSolution
		SolutionGuid = {59DEA212-499F-4FB9-BA8A-A825DC92A56E}
	EndGlobalSection
EndGlobal
